
Microsoft Visual Studio Solution File, Format Version 12.00
# Visual Studio Version 17
VisualStudioVersion = 17.0.31903.59
MinimumVisualStudioVersion = 10.0.40219.1
Project("{2150E333-8FDC-42A3-9474-1A3956D46DE8}") = "APIs", "APIs", "{A493B712-D036-515A-2346-D66A3A2D9736}"
EndProject
Project("{FAE04EC0-301F-11D3-BF4B-00C04F79EFBC}") = "agroconnect-api", "APIs\agroconnect-api\agroconnect-api.csproj", "{A5A428E5-2D5D-44C4-AFDE-7361378BE259}"
EndProject
Project("{FAE04EC0-301F-11D3-BF4B-00C04F79EFBC}") = "SharedLibrary", "Services\Libs\SharedLibrary\SharedLibrary.csproj", "{E50F6C92-0732-42B7-BCDF-802DD7FB2D27}"
EndProject
Project("{FAE04EC0-301F-11D3-BF4B-00C04F79EFBC}") = "Data", "Services\Libs\Data\Data.csproj", "{31585336-3384-46F6-983D-0F7B6A30F58F}"
EndProject
Project("{FAE04EC0-301F-11D3-BF4B-00C04F79EFBC}") = "PlatformService", "Services\PlatformService\PlatformService.csproj", "{D731BD23-A1F3-4A36-81C2-3C4D15E01CAA}"
EndProject
Project("{2150E333-8FDC-42A3-9474-1A3956D46DE8}") = "Services", "Services", "{5854FF58-B8C5-05C6-5BF2-ACE42193F22B}"
EndProject
Project("{2150E333-8FDC-42A3-9474-1A3956D46DE8}") = "Libs", "Libs", "{A2280BB3-5718-8596-7282-196338A0C4C8}"
EndProject
Project("{2150E333-8FDC-42A3-9474-1A3956D46DE8}") = "tests", "tests", "{0AB3BF05-4346-4AA6-1389-037BE0695223}"
EndProject
Project("{FAE04EC0-301F-11D3-BF4B-00C04F79EFBC}") = "SharedLibrary.Tests", "tests\SharedLibrary.Tests\SharedLibrary.Tests.csproj", "{54C5DEA1-C2F5-4E69-BAAE-2009DFD08395}"
EndProject
Project("{FAE04EC0-301F-11D3-BF4B-00C04F79EFBC}") = "PlatformService.Tests", "tests\PlatformService.Tests\PlatformService.Tests.csproj", "{58FC6EB5-8654-437A-902F-18CEEFB44DAC}"
EndProject
Project("{FAE04EC0-301F-11D3-BF4B-00C04F79EFBC}") = "Api.Tests", "tests\Api.Tests\Api.Tests.csproj", "{54F64DB3-B0DE-4A79-96DB-B29A41BE5D90}"
EndProject
Project("{FAE04EC0-301F-11D3-BF4B-00C04F79EFBC}") = "Tests.Shared", "tests\Shared\Tests.Shared.csproj", "{052FA6FC-0D27-4E62-A78F-FB8AD03FAC0C}"
EndProject
Project("{FAE04EC0-301F-11D3-BF4B-00C04F79EFBC}") = "AuthService", "Services\AuthService\AuthService.csproj", "{EAF72146-723C-43A8-B0B9-E65291BB675C}"
EndProject
Project("{FAE04EC0-301F-11D3-BF4B-00C04F79EFBC}") = "AuthService.Tests", "tests\AuthService.Tests\AuthService.Tests.csproj", "{E45EC38D-5EC5-4E50-B879-321B1ED08A4A}"
EndProject
Project("{FAE04EC0-301F-11D3-BF4B-00C04F79EFBC}") = "FarmerService", "Services\FarmerService\FarmerService.csproj", "{402C043F-8FA0-4B43-A9A5-29B1B5C064BC}"
EndProject
Project("{FAE04EC0-301F-11D3-BF4B-00C04F79EFBC}") = "FarmerService.Tests", "tests\FarmerService.Tests\FarmerService.Tests.csproj", "{005E72FD-D35B-46BF-AFE0-C14D5194765F}"
EndProject
Project("{FAE04EC0-301F-11D3-BF4B-00C04F79EFBC}") = "SyncService", "Services\SyncService\SyncService.csproj", "{1808A8F5-FD0A-4F1F-AEA9-781C3AB12059}"
EndProject
Project("{FAE04EC0-301F-11D3-BF4B-00C04F79EFBC}") = "SyncService.Tests", "tests\SyncService.Tests\SyncService.Tests.csproj", "{8D0A74A1-4F04-4A23-90C7-F0F040A0F395}"
EndProject
Project("{FAE04EC0-301F-11D3-BF4B-00C04F79EFBC}") = "AdminService", "Services\AdminService\AdminService.csproj", "{A69E4F2B-2E2F-4560-89C7-C28A4F0039B3}"
EndProject
Project("{FAE04EC0-301F-11D3-BF4B-00C04F79EFBC}") = "AdminService.Tests", "tests\AdminService.Tests\AdminService.Tests.csproj", "{27F02763-05A8-4D51-8EC5-ED5A17C65449}"
EndProject
Project("{FAE04EC0-301F-11D3-BF4B-00C04F79EFBC}") = "MoneyService", "Services\MoneyService\MoneyService.csproj", "{12C4B113-B9CF-491D-8860-E3691F2772D9}"
EndProject
Project("{FAE04EC0-301F-11D3-BF4B-00C04F79EFBC}") = "MoneyService.Tests", "tests\MoneyService.Tests\MoneyService.Tests.csproj", "{A942F35C-8768-4EC4-B16E-E504B4C449BB}"
EndProject
Project("{FAE04EC0-301F-11D3-BF4B-00C04F79EFBC}") = "HelpService", "Services\HelpService\HelpService.csproj", "{471E3E96-46D2-4758-9DFA-603AEB3185B0}"
EndProject
Project("{FAE04EC0-301F-11D3-BF4B-00C04F79EFBC}") = "SpeechService", "Services\SpeechService\SpeechService.csproj", "{7C57CBDF-A5DB-4294-8868-69AB41190C03}"
EndProject
Project("{FAE04EC0-301F-11D3-BF4B-00C04F79EFBC}") = "HelpService.Tests", "tests\HelpService.Tests\HelpService.Tests.csproj", "{1D134C8D-7B7F-4B97-9003-0F86BC2C1C01}"
EndProject
Project("{2150E333-8FDC-42A3-9474-1A3956D46DE8}") = "Shared", "Shared", "{D0D6B8B0-AC35-B3FA-0B96-A9B0E4A3253E}"
EndProject
Project("{FAE04EC0-301F-11D3-BF4B-00C04F79EFBC}") = "SpeechService.Tests", "tests\SpeechService.Tests\SpeechService.Tests.csproj", "{1A5FAFCB-B694-4C4C-BD41-9016F27CABB0}"
EndProject
Project("{FAE04EC0-301F-11D3-BF4B-00C04F79EFBC}") = "UssdService", "Services\UssdService\UssdService.csproj", "{743AB586-D30E-4230-B4F3-09DB2BC1A1AF}"
EndProject
Project("{FAE04EC0-301F-11D3-BF4B-00C04F79EFBC}") = "UssdService.Tests", "tests\UssdService.Tests\UssdService.Tests.csproj", "{183D6A9C-71F9-4ACB-B12D-7E76618B3D6B}"
EndProject
Global
	GlobalSection(SolutionConfigurationPlatforms) = preSolution
		Debug|Any CPU = Debug|Any CPU
		Debug|x64 = Debug|x64
		Debug|x86 = Debug|x86
		Release|Any CPU = Release|Any CPU
		Release|x64 = Release|x64
		Release|x86 = Release|x86
	EndGlobalSection
	GlobalSection(ProjectConfigurationPlatforms) = postSolution
		{A5A428E5-2D5D-44C4-AFDE-7361378BE259}.Debug|Any CPU.ActiveCfg = Debug|Any CPU
		{A5A428E5-2D5D-44C4-AFDE-7361378BE259}.Debug|Any CPU.Build.0 = Debug|Any CPU
		{A5A428E5-2D5D-44C4-AFDE-7361378BE259}.Debug|x64.ActiveCfg = Debug|Any CPU
		{A5A428E5-2D5D-44C4-AFDE-7361378BE259}.Debug|x64.Build.0 = Debug|Any CPU
		{A5A428E5-2D5D-44C4-AFDE-7361378BE259}.Debug|x86.ActiveCfg = Debug|Any CPU
		{A5A428E5-2D5D-44C4-AFDE-7361378BE259}.Debug|x86.Build.0 = Debug|Any CPU
		{A5A428E5-2D5D-44C4-AFDE-7361378BE259}.Release|Any CPU.ActiveCfg = Release|Any CPU
		{A5A428E5-2D5D-44C4-AFDE-7361378BE259}.Release|Any CPU.Build.0 = Release|Any CPU
		{A5A428E5-2D5D-44C4-AFDE-7361378BE259}.Release|x64.ActiveCfg = Release|Any CPU
		{A5A428E5-2D5D-44C4-AFDE-7361378BE259}.Release|x64.Build.0 = Release|Any CPU
		{A5A428E5-2D5D-44C4-AFDE-7361378BE259}.Release|x86.ActiveCfg = Release|Any CPU
		{A5A428E5-2D5D-44C4-AFDE-7361378BE259}.Release|x86.Build.0 = Release|Any CPU
		{E50F6C92-0732-42B7-BCDF-802DD7FB2D27}.Debug|Any CPU.ActiveCfg = Debug|Any CPU
		{E50F6C92-0732-42B7-BCDF-802DD7FB2D27}.Debug|Any CPU.Build.0 = Debug|Any CPU
		{E50F6C92-0732-42B7-BCDF-802DD7FB2D27}.Debug|x64.ActiveCfg = Debug|Any CPU
		{E50F6C92-0732-42B7-BCDF-802DD7FB2D27}.Debug|x64.Build.0 = Debug|Any CPU
		{E50F6C92-0732-42B7-BCDF-802DD7FB2D27}.Debug|x86.ActiveCfg = Debug|Any CPU
		{E50F6C92-0732-42B7-BCDF-802DD7FB2D27}.Debug|x86.Build.0 = Debug|Any CPU
		{E50F6C92-0732-42B7-BCDF-802DD7FB2D27}.Release|Any CPU.ActiveCfg = Release|Any CPU
		{E50F6C92-0732-42B7-BCDF-802DD7FB2D27}.Release|Any CPU.Build.0 = Release|Any CPU
		{E50F6C92-0732-42B7-BCDF-802DD7FB2D27}.Release|x64.ActiveCfg = Release|Any CPU
		{E50F6C92-0732-42B7-BCDF-802DD7FB2D27}.Release|x64.Build.0 = Release|Any CPU
		{E50F6C92-0732-42B7-BCDF-802DD7FB2D27}.Release|x86.ActiveCfg = Release|Any CPU
		{E50F6C92-0732-42B7-BCDF-802DD7FB2D27}.Release|x86.Build.0 = Release|Any CPU
		{31585336-3384-46F6-983D-0F7B6A30F58F}.Debug|Any CPU.ActiveCfg = Debug|Any CPU
		{31585336-3384-46F6-983D-0F7B6A30F58F}.Debug|Any CPU.Build.0 = Debug|Any CPU
		{31585336-3384-46F6-983D-0F7B6A30F58F}.Debug|x64.ActiveCfg = Debug|Any CPU
		{31585336-3384-46F6-983D-0F7B6A30F58F}.Debug|x64.Build.0 = Debug|Any CPU
		{31585336-3384-46F6-983D-0F7B6A30F58F}.Debug|x86.ActiveCfg = Debug|Any CPU
		{31585336-3384-46F6-983D-0F7B6A30F58F}.Debug|x86.Build.0 = Debug|Any CPU
		{31585336-3384-46F6-983D-0F7B6A30F58F}.Release|Any CPU.ActiveCfg = Release|Any CPU
		{31585336-3384-46F6-983D-0F7B6A30F58F}.Release|Any CPU.Build.0 = Release|Any CPU
		{31585336-3384-46F6-983D-0F7B6A30F58F}.Release|x64.ActiveCfg = Release|Any CPU
		{31585336-3384-46F6-983D-0F7B6A30F58F}.Release|x64.Build.0 = Release|Any CPU
		{31585336-3384-46F6-983D-0F7B6A30F58F}.Release|x86.ActiveCfg = Release|Any CPU
		{31585336-3384-46F6-983D-0F7B6A30F58F}.Release|x86.Build.0 = Release|Any CPU
		{D731BD23-A1F3-4A36-81C2-3C4D15E01CAA}.Debug|Any CPU.ActiveCfg = Debug|Any CPU
		{D731BD23-A1F3-4A36-81C2-3C4D15E01CAA}.Debug|Any CPU.Build.0 = Debug|Any CPU
		{D731BD23-A1F3-4A36-81C2-3C4D15E01CAA}.Debug|x64.ActiveCfg = Debug|Any CPU
		{D731BD23-A1F3-4A36-81C2-3C4D15E01CAA}.Debug|x64.Build.0 = Debug|Any CPU
		{D731BD23-A1F3-4A36-81C2-3C4D15E01CAA}.Debug|x86.ActiveCfg = Debug|Any CPU
		{D731BD23-A1F3-4A36-81C2-3C4D15E01CAA}.Debug|x86.Build.0 = Debug|Any CPU
		{D731BD23-A1F3-4A36-81C2-3C4D15E01CAA}.Release|Any CPU.ActiveCfg = Release|Any CPU
		{D731BD23-A1F3-4A36-81C2-3C4D15E01CAA}.Release|Any CPU.Build.0 = Release|Any CPU
		{D731BD23-A1F3-4A36-81C2-3C4D15E01CAA}.Release|x64.ActiveCfg = Release|Any CPU
		{D731BD23-A1F3-4A36-81C2-3C4D15E01CAA}.Release|x64.Build.0 = Release|Any CPU
		{D731BD23-A1F3-4A36-81C2-3C4D15E01CAA}.Release|x86.ActiveCfg = Release|Any CPU
		{D731BD23-A1F3-4A36-81C2-3C4D15E01CAA}.Release|x86.Build.0 = Release|Any CPU
		{54C5DEA1-C2F5-4E69-BAAE-2009DFD08395}.Debug|Any CPU.ActiveCfg = Debug|Any CPU
		{54C5DEA1-C2F5-4E69-BAAE-2009DFD08395}.Debug|Any CPU.Build.0 = Debug|Any CPU
		{54C5DEA1-C2F5-4E69-BAAE-2009DFD08395}.Debug|x64.ActiveCfg = Debug|Any CPU
		{54C5DEA1-C2F5-4E69-BAAE-2009DFD08395}.Debug|x64.Build.0 = Debug|Any CPU
		{54C5DEA1-C2F5-4E69-BAAE-2009DFD08395}.Debug|x86.ActiveCfg = Debug|Any CPU
		{54C5DEA1-C2F5-4E69-BAAE-2009DFD08395}.Debug|x86.Build.0 = Debug|Any CPU
		{54C5DEA1-C2F5-4E69-BAAE-2009DFD08395}.Release|Any CPU.ActiveCfg = Release|Any CPU
		{54C5DEA1-C2F5-4E69-BAAE-2009DFD08395}.Release|Any CPU.Build.0 = Release|Any CPU
		{54C5DEA1-C2F5-4E69-BAAE-2009DFD08395}.Release|x64.ActiveCfg = Release|Any CPU
		{54C5DEA1-C2F5-4E69-BAAE-2009DFD08395}.Release|x64.Build.0 = Release|Any CPU
		{54C5DEA1-C2F5-4E69-BAAE-2009DFD08395}.Release|x86.ActiveCfg = Release|Any CPU
		{54C5DEA1-C2F5-4E69-BAAE-2009DFD08395}.Release|x86.Build.0 = Release|Any CPU
		{58FC6EB5-8654-437A-902F-18CEEFB44DAC}.Debug|Any CPU.ActiveCfg = Debug|Any CPU
		{58FC6EB5-8654-437A-902F-18CEEFB44DAC}.Debug|Any CPU.Build.0 = Debug|Any CPU
		{58FC6EB5-8654-437A-902F-18CEEFB44DAC}.Debug|x64.ActiveCfg = Debug|Any CPU
		{58FC6EB5-8654-437A-902F-18CEEFB44DAC}.Debug|x64.Build.0 = Debug|Any CPU
		{58FC6EB5-8654-437A-902F-18CEEFB44DAC}.Debug|x86.ActiveCfg = Debug|Any CPU
		{58FC6EB5-8654-437A-902F-18CEEFB44DAC}.Debug|x86.Build.0 = Debug|Any CPU
		{58FC6EB5-8654-437A-902F-18CEEFB44DAC}.Release|Any CPU.ActiveCfg = Release|Any CPU
		{58FC6EB5-8654-437A-902F-18CEEFB44DAC}.Release|Any CPU.Build.0 = Release|Any CPU
		{58FC6EB5-8654-437A-902F-18CEEFB44DAC}.Release|x64.ActiveCfg = Release|Any CPU
		{58FC6EB5-8654-437A-902F-18CEEFB44DAC}.Release|x64.Build.0 = Release|Any CPU
		{58FC6EB5-8654-437A-902F-18CEEFB44DAC}.Release|x86.ActiveCfg = Release|Any CPU
		{58FC6EB5-8654-437A-902F-18CEEFB44DAC}.Release|x86.Build.0 = Release|Any CPU
		{54F64DB3-B0DE-4A79-96DB-B29A41BE5D90}.Debug|Any CPU.ActiveCfg = Debug|Any CPU
		{54F64DB3-B0DE-4A79-96DB-B29A41BE5D90}.Debug|Any CPU.Build.0 = Debug|Any CPU
		{54F64DB3-B0DE-4A79-96DB-B29A41BE5D90}.Debug|x64.ActiveCfg = Debug|Any CPU
		{54F64DB3-B0DE-4A79-96DB-B29A41BE5D90}.Debug|x64.Build.0 = Debug|Any CPU
		{54F64DB3-B0DE-4A79-96DB-B29A41BE5D90}.Debug|x86.ActiveCfg = Debug|Any CPU
		{54F64DB3-B0DE-4A79-96DB-B29A41BE5D90}.Debug|x86.Build.0 = Debug|Any CPU
		{54F64DB3-B0DE-4A79-96DB-B29A41BE5D90}.Release|Any CPU.ActiveCfg = Release|Any CPU
		{54F64DB3-B0DE-4A79-96DB-B29A41BE5D90}.Release|Any CPU.Build.0 = Release|Any CPU
		{54F64DB3-B0DE-4A79-96DB-B29A41BE5D90}.Release|x64.ActiveCfg = Release|Any CPU
		{54F64DB3-B0DE-4A79-96DB-B29A41BE5D90}.Release|x64.Build.0 = Release|Any CPU
		{54F64DB3-B0DE-4A79-96DB-B29A41BE5D90}.Release|x86.ActiveCfg = Release|Any CPU
		{54F64DB3-B0DE-4A79-96DB-B29A41BE5D90}.Release|x86.Build.0 = Release|Any CPU
		{052FA6FC-0D27-4E62-A78F-FB8AD03FAC0C}.Debug|Any CPU.ActiveCfg = Debug|Any CPU
		{052FA6FC-0D27-4E62-A78F-FB8AD03FAC0C}.Debug|Any CPU.Build.0 = Debug|Any CPU
		{052FA6FC-0D27-4E62-A78F-FB8AD03FAC0C}.Debug|x64.ActiveCfg = Debug|Any CPU
		{052FA6FC-0D27-4E62-A78F-FB8AD03FAC0C}.Debug|x64.Build.0 = Debug|Any CPU
		{052FA6FC-0D27-4E62-A78F-FB8AD03FAC0C}.Debug|x86.ActiveCfg = Debug|Any CPU
		{052FA6FC-0D27-4E62-A78F-FB8AD03FAC0C}.Debug|x86.Build.0 = Debug|Any CPU
		{052FA6FC-0D27-4E62-A78F-FB8AD03FAC0C}.Release|Any CPU.ActiveCfg = Release|Any CPU
		{052FA6FC-0D27-4E62-A78F-FB8AD03FAC0C}.Release|Any CPU.Build.0 = Release|Any CPU
		{052FA6FC-0D27-4E62-A78F-FB8AD03FAC0C}.Release|x64.ActiveCfg = Release|Any CPU
		{052FA6FC-0D27-4E62-A78F-FB8AD03FAC0C}.Release|x64.Build.0 = Release|Any CPU
		{052FA6FC-0D27-4E62-A78F-FB8AD03FAC0C}.Release|x86.ActiveCfg = Release|Any CPU
		{052FA6FC-0D27-4E62-A78F-FB8AD03FAC0C}.Release|x86.Build.0 = Release|Any CPU
		{EAF72146-723C-43A8-B0B9-E65291BB675C}.Debug|Any CPU.ActiveCfg = Debug|Any CPU
		{EAF72146-723C-43A8-B0B9-E65291BB675C}.Debug|Any CPU.Build.0 = Debug|Any CPU
		{EAF72146-723C-43A8-B0B9-E65291BB675C}.Debug|x64.ActiveCfg = Debug|Any CPU
		{EAF72146-723C-43A8-B0B9-E65291BB675C}.Debug|x64.Build.0 = Debug|Any CPU
		{EAF72146-723C-43A8-B0B9-E65291BB675C}.Debug|x86.ActiveCfg = Debug|Any CPU
		{EAF72146-723C-43A8-B0B9-E65291BB675C}.Debug|x86.Build.0 = Debug|Any CPU
		{EAF72146-723C-43A8-B0B9-E65291BB675C}.Release|Any CPU.ActiveCfg = Release|Any CPU
		{EAF72146-723C-43A8-B0B9-E65291BB675C}.Release|Any CPU.Build.0 = Release|Any CPU
		{EAF72146-723C-43A8-B0B9-E65291BB675C}.Release|x64.ActiveCfg = Release|Any CPU
		{EAF72146-723C-43A8-B0B9-E65291BB675C}.Release|x64.Build.0 = Release|Any CPU
		{EAF72146-723C-43A8-B0B9-E65291BB675C}.Release|x86.ActiveCfg = Release|Any CPU
		{EAF72146-723C-43A8-B0B9-E65291BB675C}.Release|x86.Build.0 = Release|Any CPU
		{E45EC38D-5EC5-4E50-B879-321B1ED08A4A}.Debug|Any CPU.ActiveCfg = Debug|Any CPU
		{E45EC38D-5EC5-4E50-B879-321B1ED08A4A}.Debug|Any CPU.Build.0 = Debug|Any CPU
		{E45EC38D-5EC5-4E50-B879-321B1ED08A4A}.Debug|x64.ActiveCfg = Debug|Any CPU
		{E45EC38D-5EC5-4E50-B879-321B1ED08A4A}.Debug|x64.Build.0 = Debug|Any CPU
		{E45EC38D-5EC5-4E50-B879-321B1ED08A4A}.Debug|x86.ActiveCfg = Debug|Any CPU
		{E45EC38D-5EC5-4E50-B879-321B1ED08A4A}.Debug|x86.Build.0 = Debug|Any CPU
		{E45EC38D-5EC5-4E50-B879-321B1ED08A4A}.Release|Any CPU.ActiveCfg = Release|Any CPU
		{E45EC38D-5EC5-4E50-B879-321B1ED08A4A}.Release|Any CPU.Build.0 = Release|Any CPU
		{E45EC38D-5EC5-4E50-B879-321B1ED08A4A}.Release|x64.ActiveCfg = Release|Any CPU
		{E45EC38D-5EC5-4E50-B879-321B1ED08A4A}.Release|x64.Build.0 = Release|Any CPU
		{E45EC38D-5EC5-4E50-B879-321B1ED08A4A}.Release|x86.ActiveCfg = Release|Any CPU
		{E45EC38D-5EC5-4E50-B879-321B1ED08A4A}.Release|x86.Build.0 = Release|Any CPU
		{402C043F-8FA0-4B43-A9A5-29B1B5C064BC}.Debug|Any CPU.ActiveCfg = Debug|Any CPU
		{402C043F-8FA0-4B43-A9A5-29B1B5C064BC}.Debug|Any CPU.Build.0 = Debug|Any CPU
		{402C043F-8FA0-4B43-A9A5-29B1B5C064BC}.Debug|x64.ActiveCfg = Debug|Any CPU
		{402C043F-8FA0-4B43-A9A5-29B1B5C064BC}.Debug|x64.Build.0 = Debug|Any CPU
		{402C043F-8FA0-4B43-A9A5-29B1B5C064BC}.Debug|x86.ActiveCfg = Debug|Any CPU
		{402C043F-8FA0-4B43-A9A5-29B1B5C064BC}.Debug|x86.Build.0 = Debug|Any CPU
		{402C043F-8FA0-4B43-A9A5-29B1B5C064BC}.Release|Any CPU.ActiveCfg = Release|Any CPU
		{402C043F-8FA0-4B43-A9A5-29B1B5C064BC}.Release|Any CPU.Build.0 = Release|Any CPU
		{402C043F-8FA0-4B43-A9A5-29B1B5C064BC}.Release|x64.ActiveCfg = Release|Any CPU
		{402C043F-8FA0-4B43-A9A5-29B1B5C064BC}.Release|x64.Build.0 = Release|Any CPU
		{402C043F-8FA0-4B43-A9A5-29B1B5C064BC}.Release|x86.ActiveCfg = Release|Any CPU
		{402C043F-8FA0-4B43-A9A5-29B1B5C064BC}.Release|x86.Build.0 = Release|Any CPU
		{005E72FD-D35B-46BF-AFE0-C14D5194765F}.Debug|Any CPU.ActiveCfg = Debug|Any CPU
		{005E72FD-D35B-46BF-AFE0-C14D5194765F}.Debug|Any CPU.Build.0 = Debug|Any CPU
		{005E72FD-D35B-46BF-AFE0-C14D5194765F}.Debug|x64.ActiveCfg = Debug|Any CPU
		{005E72FD-D35B-46BF-AFE0-C14D5194765F}.Debug|x64.Build.0 = Debug|Any CPU
		{005E72FD-D35B-46BF-AFE0-C14D5194765F}.Debug|x86.ActiveCfg = Debug|Any CPU
		{005E72FD-D35B-46BF-AFE0-C14D5194765F}.Debug|x86.Build.0 = Debug|Any CPU
		{005E72FD-D35B-46BF-AFE0-C14D5194765F}.Release|Any CPU.ActiveCfg = Release|Any CPU
		{005E72FD-D35B-46BF-AFE0-C14D5194765F}.Release|Any CPU.Build.0 = Release|Any CPU
		{005E72FD-D35B-46BF-AFE0-C14D5194765F}.Release|x64.ActiveCfg = Release|Any CPU
		{005E72FD-D35B-46BF-AFE0-C14D5194765F}.Release|x64.Build.0 = Release|Any CPU
		{005E72FD-D35B-46BF-AFE0-C14D5194765F}.Release|x86.ActiveCfg = Release|Any CPU
		{005E72FD-D35B-46BF-AFE0-C14D5194765F}.Release|x86.Build.0 = Release|Any CPU
		{1808A8F5-FD0A-4F1F-AEA9-781C3AB12059}.Debug|Any CPU.ActiveCfg = Debug|Any CPU
		{1808A8F5-FD0A-4F1F-AEA9-781C3AB12059}.Debug|Any CPU.Build.0 = Debug|Any CPU
		{1808A8F5-FD0A-4F1F-AEA9-781C3AB12059}.Debug|x64.ActiveCfg = Debug|Any CPU
		{1808A8F5-FD0A-4F1F-AEA9-781C3AB12059}.Debug|x64.Build.0 = Debug|Any CPU
		{1808A8F5-FD0A-4F1F-AEA9-781C3AB12059}.Debug|x86.ActiveCfg = Debug|Any CPU
		{1808A8F5-FD0A-4F1F-AEA9-781C3AB12059}.Debug|x86.Build.0 = Debug|Any CPU
		{1808A8F5-FD0A-4F1F-AEA9-781C3AB12059}.Release|Any CPU.ActiveCfg = Release|Any CPU
		{1808A8F5-FD0A-4F1F-AEA9-781C3AB12059}.Release|Any CPU.Build.0 = Release|Any CPU
		{1808A8F5-FD0A-4F1F-AEA9-781C3AB12059}.Release|x64.ActiveCfg = Release|Any CPU
		{1808A8F5-FD0A-4F1F-AEA9-781C3AB12059}.Release|x64.Build.0 = Release|Any CPU
		{1808A8F5-FD0A-4F1F-AEA9-781C3AB12059}.Release|x86.ActiveCfg = Release|Any CPU
		{1808A8F5-FD0A-4F1F-AEA9-781C3AB12059}.Release|x86.Build.0 = Release|Any CPU
		{8D0A74A1-4F04-4A23-90C7-F0F040A0F395}.Debug|Any CPU.ActiveCfg = Debug|Any CPU
		{8D0A74A1-4F04-4A23-90C7-F0F040A0F395}.Debug|Any CPU.Build.0 = Debug|Any CPU
		{8D0A74A1-4F04-4A23-90C7-F0F040A0F395}.Debug|x64.ActiveCfg = Debug|Any CPU
		{8D0A74A1-4F04-4A23-90C7-F0F040A0F395}.Debug|x64.Build.0 = Debug|Any CPU
		{8D0A74A1-4F04-4A23-90C7-F0F040A0F395}.Debug|x86.ActiveCfg = Debug|Any CPU
		{8D0A74A1-4F04-4A23-90C7-F0F040A0F395}.Debug|x86.Build.0 = Debug|Any CPU
		{8D0A74A1-4F04-4A23-90C7-F0F040A0F395}.Release|Any CPU.ActiveCfg = Release|Any CPU
		{8D0A74A1-4F04-4A23-90C7-F0F040A0F395}.Release|Any CPU.Build.0 = Release|Any CPU
		{8D0A74A1-4F04-4A23-90C7-F0F040A0F395}.Release|x64.ActiveCfg = Release|Any CPU
		{8D0A74A1-4F04-4A23-90C7-F0F040A0F395}.Release|x64.Build.0 = Release|Any CPU
		{8D0A74A1-4F04-4A23-90C7-F0F040A0F395}.Release|x86.ActiveCfg = Release|Any CPU
		{8D0A74A1-4F04-4A23-90C7-F0F040A0F395}.Release|x86.Build.0 = Release|Any CPU
		{A69E4F2B-2E2F-4560-89C7-C28A4F0039B3}.Debug|Any CPU.ActiveCfg = Debug|Any CPU
		{A69E4F2B-2E2F-4560-89C7-C28A4F0039B3}.Debug|Any CPU.Build.0 = Debug|Any CPU
		{A69E4F2B-2E2F-4560-89C7-C28A4F0039B3}.Debug|x64.ActiveCfg = Debug|Any CPU
		{A69E4F2B-2E2F-4560-89C7-C28A4F0039B3}.Debug|x64.Build.0 = Debug|Any CPU
		{A69E4F2B-2E2F-4560-89C7-C28A4F0039B3}.Debug|x86.ActiveCfg = Debug|Any CPU
		{A69E4F2B-2E2F-4560-89C7-C28A4F0039B3}.Debug|x86.Build.0 = Debug|Any CPU
		{A69E4F2B-2E2F-4560-89C7-C28A4F0039B3}.Release|Any CPU.ActiveCfg = Release|Any CPU
		{A69E4F2B-2E2F-4560-89C7-C28A4F0039B3}.Release|Any CPU.Build.0 = Release|Any CPU
		{A69E4F2B-2E2F-4560-89C7-C28A4F0039B3}.Release|x64.ActiveCfg = Release|Any CPU
		{A69E4F2B-2E2F-4560-89C7-C28A4F0039B3}.Release|x64.Build.0 = Release|Any CPU
		{A69E4F2B-2E2F-4560-89C7-C28A4F0039B3}.Release|x86.ActiveCfg = Release|Any CPU
		{A69E4F2B-2E2F-4560-89C7-C28A4F0039B3}.Release|x86.Build.0 = Release|Any CPU
		{27F02763-05A8-4D51-8EC5-ED5A17C65449}.Debug|Any CPU.ActiveCfg = Debug|Any CPU
		{27F02763-05A8-4D51-8EC5-ED5A17C65449}.Debug|Any CPU.Build.0 = Debug|Any CPU
		{27F02763-05A8-4D51-8EC5-ED5A17C65449}.Debug|x64.ActiveCfg = Debug|Any CPU
		{27F02763-05A8-4D51-8EC5-ED5A17C65449}.Debug|x64.Build.0 = Debug|Any CPU
		{27F02763-05A8-4D51-8EC5-ED5A17C65449}.Debug|x86.ActiveCfg = Debug|Any CPU
		{27F02763-05A8-4D51-8EC5-ED5A17C65449}.Debug|x86.Build.0 = Debug|Any CPU
		{27F02763-05A8-4D51-8EC5-ED5A17C65449}.Release|Any CPU.ActiveCfg = Release|Any CPU
		{27F02763-05A8-4D51-8EC5-ED5A17C65449}.Release|Any CPU.Build.0 = Release|Any CPU
		{27F02763-05A8-4D51-8EC5-ED5A17C65449}.Release|x64.ActiveCfg = Release|Any CPU
		{27F02763-05A8-4D51-8EC5-ED5A17C65449}.Release|x64.Build.0 = Release|Any CPU
		{27F02763-05A8-4D51-8EC5-ED5A17C65449}.Release|x86.ActiveCfg = Release|Any CPU
		{27F02763-05A8-4D51-8EC5-ED5A17C65449}.Release|x86.Build.0 = Release|Any CPU
		{12C4B113-B9CF-491D-8860-E3691F2772D9}.Debug|Any CPU.ActiveCfg = Debug|Any CPU
		{12C4B113-B9CF-491D-8860-E3691F2772D9}.Debug|Any CPU.Build.0 = Debug|Any CPU
		{12C4B113-B9CF-491D-8860-E3691F2772D9}.Debug|x64.ActiveCfg = Debug|Any CPU
		{12C4B113-B9CF-491D-8860-E3691F2772D9}.Debug|x64.Build.0 = Debug|Any CPU
		{12C4B113-B9CF-491D-8860-E3691F2772D9}.Debug|x86.ActiveCfg = Debug|Any CPU
		{12C4B113-B9CF-491D-8860-E3691F2772D9}.Debug|x86.Build.0 = Debug|Any CPU
		{12C4B113-B9CF-491D-8860-E3691F2772D9}.Release|Any CPU.ActiveCfg = Release|Any CPU
		{12C4B113-B9CF-491D-8860-E3691F2772D9}.Release|Any CPU.Build.0 = Release|Any CPU
		{12C4B113-B9CF-491D-8860-E3691F2772D9}.Release|x64.ActiveCfg = Release|Any CPU
		{12C4B113-B9CF-491D-8860-E3691F2772D9}.Release|x64.Build.0 = Release|Any CPU
		{12C4B113-B9CF-491D-8860-E3691F2772D9}.Release|x86.ActiveCfg = Release|Any CPU
		{12C4B113-B9CF-491D-8860-E3691F2772D9}.Release|x86.Build.0 = Release|Any CPU
		{A942F35C-8768-4EC4-B16E-E504B4C449BB}.Debug|Any CPU.ActiveCfg = Debug|Any CPU
		{A942F35C-8768-4EC4-B16E-E504B4C449BB}.Debug|Any CPU.Build.0 = Debug|Any CPU
		{A942F35C-8768-4EC4-B16E-E504B4C449BB}.Debug|x64.ActiveCfg = Debug|Any CPU
		{A942F35C-8768-4EC4-B16E-E504B4C449BB}.Debug|x64.Build.0 = Debug|Any CPU
		{A942F35C-8768-4EC4-B16E-E504B4C449BB}.Debug|x86.ActiveCfg = Debug|Any CPU
		{A942F35C-8768-4EC4-B16E-E504B4C449BB}.Debug|x86.Build.0 = Debug|Any CPU
		{A942F35C-8768-4EC4-B16E-E504B4C449BB}.Release|Any CPU.ActiveCfg = Release|Any CPU
		{A942F35C-8768-4EC4-B16E-E504B4C449BB}.Release|Any CPU.Build.0 = Release|Any CPU
		{A942F35C-8768-4EC4-B16E-E504B4C449BB}.Release|x64.ActiveCfg = Release|Any CPU
		{A942F35C-8768-4EC4-B16E-E504B4C449BB}.Release|x64.Build.0 = Release|Any CPU
		{A942F35C-8768-4EC4-B16E-E504B4C449BB}.Release|x86.ActiveCfg = Release|Any CPU
		{A942F35C-8768-4EC4-B16E-E504B4C449BB}.Release|x86.Build.0 = Release|Any CPU
		{471E3E96-46D2-4758-9DFA-603AEB3185B0}.Debug|Any CPU.ActiveCfg = Debug|Any CPU
		{471E3E96-46D2-4758-9DFA-603AEB3185B0}.Debug|Any CPU.Build.0 = Debug|Any CPU
		{471E3E96-46D2-4758-9DFA-603AEB3185B0}.Debug|x64.ActiveCfg = Debug|Any CPU
		{471E3E96-46D2-4758-9DFA-603AEB3185B0}.Debug|x64.Build.0 = Debug|Any CPU
		{471E3E96-46D2-4758-9DFA-603AEB3185B0}.Debug|x86.ActiveCfg = Debug|Any CPU
		{471E3E96-46D2-4758-9DFA-603AEB3185B0}.Debug|x86.Build.0 = Debug|Any CPU
		{471E3E96-46D2-4758-9DFA-603AEB3185B0}.Release|Any CPU.ActiveCfg = Release|Any CPU
		{471E3E96-46D2-4758-9DFA-603AEB3185B0}.Release|Any CPU.Build.0 = Release|Any CPU
		{471E3E96-46D2-4758-9DFA-603AEB3185B0}.Release|x64.ActiveCfg = Release|Any CPU
		{471E3E96-46D2-4758-9DFA-603AEB3185B0}.Release|x64.Build.0 = Release|Any CPU
		{471E3E96-46D2-4758-9DFA-603AEB3185B0}.Release|x86.ActiveCfg = Release|Any CPU
		{471E3E96-46D2-4758-9DFA-603AEB3185B0}.Release|x86.Build.0 = Release|Any CPU
		{7C57CBDF-A5DB-4294-8868-69AB41190C03}.Debug|Any CPU.ActiveCfg = Debug|Any CPU
		{7C57CBDF-A5DB-4294-8868-69AB41190C03}.Debug|Any CPU.Build.0 = Debug|Any CPU
		{7C57CBDF-A5DB-4294-8868-69AB41190C03}.Debug|x64.ActiveCfg = Debug|Any CPU
		{7C57CBDF-A5DB-4294-8868-69AB41190C03}.Debug|x64.Build.0 = Debug|Any CPU
		{7C57CBDF-A5DB-4294-8868-69AB41190C03}.Debug|x86.ActiveCfg = Debug|Any CPU
		{7C57CBDF-A5DB-4294-8868-69AB41190C03}.Debug|x86.Build.0 = Debug|Any CPU
		{7C57CBDF-A5DB-4294-8868-69AB41190C03}.Release|Any CPU.ActiveCfg = Release|Any CPU
		{7C57CBDF-A5DB-4294-8868-69AB41190C03}.Release|Any CPU.Build.0 = Release|Any CPU
		{7C57CBDF-A5DB-4294-8868-69AB41190C03}.Release|x64.ActiveCfg = Release|Any CPU
		{7C57CBDF-A5DB-4294-8868-69AB41190C03}.Release|x64.Build.0 = Release|Any CPU
		{7C57CBDF-A5DB-4294-8868-69AB41190C03}.Release|x86.ActiveCfg = Release|Any CPU
		{7C57CBDF-A5DB-4294-8868-69AB41190C03}.Release|x86.Build.0 = Release|Any CPU
		{1D134C8D-7B7F-4B97-9003-0F86BC2C1C01}.Debug|Any CPU.ActiveCfg = Debug|Any CPU
		{1D134C8D-7B7F-4B97-9003-0F86BC2C1C01}.Debug|Any CPU.Build.0 = Debug|Any CPU
		{1D134C8D-7B7F-4B97-9003-0F86BC2C1C01}.Debug|x64.ActiveCfg = Debug|Any CPU
		{1D134C8D-7B7F-4B97-9003-0F86BC2C1C01}.Debug|x64.Build.0 = Debug|Any CPU
		{1D134C8D-7B7F-4B97-9003-0F86BC2C1C01}.Debug|x86.ActiveCfg = Debug|Any CPU
		{1D134C8D-7B7F-4B97-9003-0F86BC2C1C01}.Debug|x86.Build.0 = Debug|Any CPU
		{1D134C8D-7B7F-4B97-9003-0F86BC2C1C01}.Release|Any CPU.ActiveCfg = Release|Any CPU
		{1D134C8D-7B7F-4B97-9003-0F86BC2C1C01}.Release|Any CPU.Build.0 = Release|Any CPU
		{1D134C8D-7B7F-4B97-9003-0F86BC2C1C01}.Release|x64.ActiveCfg = Release|Any CPU
		{1D134C8D-7B7F-4B97-9003-0F86BC2C1C01}.Release|x64.Build.0 = Release|Any CPU
		{1D134C8D-7B7F-4B97-9003-0F86BC2C1C01}.Release|x86.ActiveCfg = Release|Any CPU
		{1D134C8D-7B7F-4B97-9003-0F86BC2C1C01}.Release|x86.Build.0 = Release|Any CPU
		{1A5FAFCB-B694-4C4C-BD41-9016F27CABB0}.Debug|Any CPU.ActiveCfg = Debug|Any CPU
		{1A5FAFCB-B694-4C4C-BD41-9016F27CABB0}.Debug|Any CPU.Build.0 = Debug|Any CPU
		{1A5FAFCB-B694-4C4C-BD41-9016F27CABB0}.Debug|x64.ActiveCfg = Debug|Any CPU
		{1A5FAFCB-B694-4C4C-BD41-9016F27CABB0}.Debug|x64.Build.0 = Debug|Any CPU
		{1A5FAFCB-B694-4C4C-BD41-9016F27CABB0}.Debug|x86.ActiveCfg = Debug|Any CPU
		{1A5FAFCB-B694-4C4C-BD41-9016F27CABB0}.Debug|x86.Build.0 = Debug|Any CPU
		{1A5FAFCB-B694-4C4C-BD41-9016F27CABB0}.Release|Any CPU.ActiveCfg = Release|Any CPU
		{1A5FAFCB-B694-4C4C-BD41-9016F27CABB0}.Release|Any CPU.Build.0 = Release|Any CPU
		{1A5FAFCB-B694-4C4C-BD41-9016F27CABB0}.Release|x64.ActiveCfg = Release|Any CPU
		{1A5FAFCB-B694-4C4C-BD41-9016F27CABB0}.Release|x64.Build.0 = Release|Any CPU
		{1A5FAFCB-B694-4C4C-BD41-9016F27CABB0}.Release|x86.ActiveCfg = Release|Any CPU
		{1A5FAFCB-B694-4C4C-BD41-9016F27CABB0}.Release|x86.Build.0 = Release|Any CPU
		{743AB586-D30E-4230-B4F3-09DB2BC1A1AF}.Debug|Any CPU.ActiveCfg = Debug|Any CPU
		{743AB586-D30E-4230-B4F3-09DB2BC1A1AF}.Debug|Any CPU.Build.0 = Debug|Any CPU
		{743AB586-D30E-4230-B4F3-09DB2BC1A1AF}.Debug|x64.ActiveCfg = Debug|Any CPU
		{743AB586-D30E-4230-B4F3-09DB2BC1A1AF}.Debug|x64.Build.0 = Debug|Any CPU
		{743AB586-D30E-4230-B4F3-09DB2BC1A1AF}.Debug|x86.ActiveCfg = Debug|Any CPU
		{743AB586-D30E-4230-B4F3-09DB2BC1A1AF}.Debug|x86.Build.0 = Debug|Any CPU
		{743AB586-D30E-4230-B4F3-09DB2BC1A1AF}.Release|Any CPU.ActiveCfg = Release|Any CPU
		{743AB586-D30E-4230-B4F3-09DB2BC1A1AF}.Release|Any CPU.Build.0 = Release|Any CPU
		{743AB586-D30E-4230-B4F3-09DB2BC1A1AF}.Release|x64.ActiveCfg = Release|Any CPU
		{743AB586-D30E-4230-B4F3-09DB2BC1A1AF}.Release|x64.Build.0 = Release|Any CPU
		{743AB586-D30E-4230-B4F3-09DB2BC1A1AF}.Release|x86.ActiveCfg = Release|Any CPU
		{743AB586-D30E-4230-B4F3-09DB2BC1A1AF}.Release|x86.Build.0 = Release|Any CPU
		{183D6A9C-71F9-4ACB-B12D-7E76618B3D6B}.Debug|Any CPU.ActiveCfg = Debug|Any CPU
		{183D6A9C-71F9-4ACB-B12D-7E76618B3D6B}.Debug|Any CPU.Build.0 = Debug|Any CPU
		{183D6A9C-71F9-4ACB-B12D-7E76618B3D6B}.Debug|x64.ActiveCfg = Debug|Any CPU
		{183D6A9C-71F9-4ACB-B12D-7E76618B3D6B}.Debug|x64.Build.0 = Debug|Any CPU
		{183D6A9C-71F9-4ACB-B12D-7E76618B3D6B}.Debug|x86.ActiveCfg = Debug|Any CPU
		{183D6A9C-71F9-4ACB-B12D-7E76618B3D6B}.Debug|x86.Build.0 = Debug|Any CPU
		{183D6A9C-71F9-4ACB-B12D-7E76618B3D6B}.Release|Any CPU.ActiveCfg = Release|Any CPU
		{183D6A9C-71F9-4ACB-B12D-7E76618B3D6B}.Release|Any CPU.Build.0 = Release|Any CPU
		{183D6A9C-71F9-4ACB-B12D-7E76618B3D6B}.Release|x64.ActiveCfg = Release|Any CPU
		{183D6A9C-71F9-4ACB-B12D-7E76618B3D6B}.Release|x64.Build.0 = Release|Any CPU
		{183D6A9C-71F9-4ACB-B12D-7E76618B3D6B}.Release|x86.ActiveCfg = Release|Any CPU
		{183D6A9C-71F9-4ACB-B12D-7E76618B3D6B}.Release|x86.Build.0 = Release|Any CPU
	EndGlobalSection
	GlobalSection(SolutionProperties) = preSolution
		HideSolutionNode = FALSE
	EndGlobalSection
	GlobalSection(NestedProjects) = preSolution
		{A5A428E5-2D5D-44C4-AFDE-7361378BE259} = {A493B712-D036-515A-2346-D66A3A2D9736}
		{E50F6C92-0732-42B7-BCDF-802DD7FB2D27} = {A493B712-D036-515A-2346-D66A3A2D9736}
		{31585336-3384-46F6-983D-0F7B6A30F58F} = {A493B712-D036-515A-2346-D66A3A2D9736}
		{D731BD23-A1F3-4A36-81C2-3C4D15E01CAA} = {A493B712-D036-515A-2346-D66A3A2D9736}
		{A2280BB3-5718-8596-7282-196338A0C4C8} = {5854FF58-B8C5-05C6-5BF2-ACE42193F22B}
		{54C5DEA1-C2F5-4E69-BAAE-2009DFD08395} = {0AB3BF05-4346-4AA6-1389-037BE0695223}
		{58FC6EB5-8654-437A-902F-18CEEFB44DAC} = {0AB3BF05-4346-4AA6-1389-037BE0695223}
		{54F64DB3-B0DE-4A79-96DB-B29A41BE5D90} = {0AB3BF05-4346-4AA6-1389-037BE0695223}
		{052FA6FC-0D27-4E62-A78F-FB8AD03FAC0C} = {0AB3BF05-4346-4AA6-1389-037BE0695223}
		{EAF72146-723C-43A8-B0B9-E65291BB675C} = {5854FF58-B8C5-05C6-5BF2-ACE42193F22B}
		{E45EC38D-5EC5-4E50-B879-321B1ED08A4A} = {0AB3BF05-4346-4AA6-1389-037BE0695223}
		{402C043F-8FA0-4B43-A9A5-29B1B5C064BC} = {5854FF58-B8C5-05C6-5BF2-ACE42193F22B}
		{005E72FD-D35B-46BF-AFE0-C14D5194765F} = {0AB3BF05-4346-4AA6-1389-037BE0695223}
		{1808A8F5-FD0A-4F1F-AEA9-781C3AB12059} = {5854FF58-B8C5-05C6-5BF2-ACE42193F22B}
		{8D0A74A1-4F04-4A23-90C7-F0F040A0F395} = {0AB3BF05-4346-4AA6-1389-037BE0695223}
		{A69E4F2B-2E2F-4560-89C7-C28A4F0039B3} = {5854FF58-B8C5-05C6-5BF2-ACE42193F22B}
		{27F02763-05A8-4D51-8EC5-ED5A17C65449} = {0AB3BF05-4346-4AA6-1389-037BE0695223}
		{12C4B113-B9CF-491D-8860-E3691F2772D9} = {5854FF58-B8C5-05C6-5BF2-ACE42193F22B}
		{A942F35C-8768-4EC4-B16E-E504B4C449BB} = {0AB3BF05-4346-4AA6-1389-037BE0695223}
		{471E3E96-46D2-4758-9DFA-603AEB3185B0} = {5854FF58-B8C5-05C6-5BF2-ACE42193F22B}
		{7C57CBDF-A5DB-4294-8868-69AB41190C03} = {5854FF58-B8C5-05C6-5BF2-ACE42193F22B}
		{1D134C8D-7B7F-4B97-9003-0F86BC2C1C01} = {0AB3BF05-4346-4AA6-1389-037BE0695223}
		{D0D6B8B0-AC35-B3FA-0B96-A9B0E4A3253E} = {0AB3BF05-4346-4AA6-1389-037BE0695223}
		{1A5FAFCB-B694-4C4C-BD41-9016F27CABB0} = {0AB3BF05-4346-4AA6-1389-037BE0695223}
		{743AB586-D30E-4230-B4F3-09DB2BC1A1AF} = {5854FF58-B8C5-05C6-5BF2-ACE42193F22B}
		{183D6A9C-71F9-4ACB-B12D-7E76618B3D6B} = {0AB3BF05-4346-4AA6-1389-037BE0695223}
	EndGlobalSection
EndGlobal
